
Microsoft Visual Studio Solution File, Format Version 12.00
# Visual Studio Version 16
VisualStudioVersion = 16.0.31402.337
MinimumVisualStudioVersion = 10.0.40219.1
Project("{FAE04EC0-301F-11D3-BF4B-00C04F79EFBC}") = "whileLoop", "whileLoop.csproj", "{C4374C5E-9A49-4D13-80F1-8F89A9D18630}"
EndProject
Global
	GlobalSection(SolutionConfigurationPlatforms) = preSolution
		Debug|Any CPU = Debug|Any CPU
		Release|Any CPU = Release|Any CPU
	EndGlobalSection
	GlobalSection(ProjectConfigurationPlatforms) = postSolution
		{C4374C5E-9A49-4D13-80F1-8F89A9D18630}.Debug|Any CPU.ActiveCfg = Debug|Any CPU
		{C4374C5E-9A49-4D13-80F1-8F89A9D18630}.Debug|Any CPU.Build.0 = Debug|Any CPU
		{C4374C5E-9A49-4D13-80F1-8F89A9D18630}.Release|Any CPU.ActiveCfg = Release|Any CPU
		{C4374C5E-9A49-4D13-80F1-8F89A9D18630}.Release|Any CPU.Build.0 = Release|Any CPU
	EndGlobalSection
	GlobalSection(SolutionProperties) = preSolution
		HideSolutionNode = FALSE
	EndGlobalSection
	GlobalSection(ExtensibilityGlobals) = postSolution
		SolutionGuid = {34FBF6E0-9E47-4D6D-996C-CCCB52A18709}
	EndGlobalSection
EndGlobal
